
Microsoft Visual Studio Solution File, Format Version 12.00
# Visual Studio Version 17
VisualStudioVersion = 17.4.33122.133
MinimumVisualStudioVersion = 10.0.40219.1
Project("{FAE04EC0-301F-11D3-BF4B-00C04F79EFBC}") = "Book_ThreeTierArchitecture_API", "Book_ThreeTierArchitecture_API\Book_ThreeTierArchitecture_API.csproj", "{79CA85A6-88DA-44E7-B557-4F5F365B0C97}"
EndProject
Project("{FAE04EC0-301F-11D3-BF4B-00C04F79EFBC}") = "Book_DAL", "Book_DAL\Book_DAL.csproj", "{48412AFF-117A-4BFF-B577-06DDFB6E8082}"
EndProject
Project("{FAE04EC0-301F-11D3-BF4B-00C04F79EFBC}") = "Book_BL", "Book_BL\Book_BL.csproj", "{9E0DD1FE-12C6-4897-A7BF-73BB55D17CD9}"
EndProject
Global
	GlobalSection(SolutionConfigurationPlatforms) = preSolution
		Debug|Any CPU = Debug|Any CPU
		Release|Any CPU = Release|Any CPU
	EndGlobalSection
	GlobalSection(ProjectConfigurationPlatforms) = postSolution
		{79CA85A6-88DA-44E7-B557-4F5F365B0C97}.Debug|Any CPU.ActiveCfg = Debug|Any CPU
		{79CA85A6-88DA-44E7-B557-4F5F365B0C97}.Debug|Any CPU.Build.0 = Debug|Any CPU
		{79CA85A6-88DA-44E7-B557-4F5F365B0C97}.Release|Any CPU.ActiveCfg = Release|Any CPU
		{79CA85A6-88DA-44E7-B557-4F5F365B0C97}.Release|Any CPU.Build.0 = Release|Any CPU
		{48412AFF-117A-4BFF-B577-06DDFB6E8082}.Debug|Any CPU.ActiveCfg = Debug|Any CPU
		{48412AFF-117A-4BFF-B577-06DDFB6E8082}.Debug|Any CPU.Build.0 = Debug|Any CPU
		{48412AFF-117A-4BFF-B577-06DDFB6E8082}.Release|Any CPU.ActiveCfg = Release|Any CPU
		{48412AFF-117A-4BFF-B577-06DDFB6E8082}.Release|Any CPU.Build.0 = Release|Any CPU
		{9E0DD1FE-12C6-4897-A7BF-73BB55D17CD9}.Debug|Any CPU.ActiveCfg = Debug|Any CPU
		{9E0DD1FE-12C6-4897-A7BF-73BB55D17CD9}.Debug|Any CPU.Build.0 = Debug|Any CPU
		{9E0DD1FE-12C6-4897-A7BF-73BB55D17CD9}.Release|Any CPU.ActiveCfg = Release|Any CPU
		{9E0DD1FE-12C6-4897-A7BF-73BB55D17CD9}.Release|Any CPU.Build.0 = Release|Any CPU
	EndGlobalSection
	GlobalSection(SolutionProperties) = preSolution
		HideSolutionNode = FALSE
	EndGlobalSection
	GlobalSection(ExtensibilityGlobals) = postSolution
		SolutionGuid = {38F43EDE-DB56-451D-B277-37ADC5184410}
	EndGlobalSection
EndGlobal
